{
  "name": "WEBSITE",
  "lockfileVersion": 3,
  "requires": true,
  "packages": {
    "": {
      "dependencies": {
        "date-fns": "^4.1.0",
        "sweetalert2": "^11.26.3"
      }
    },
    "node_modules/date-fns": {
      "version": "4.1.0",
      "resolved": "https://registry.npmjs.org/date-fns/-/date-fns-4.1.0.tgz",
      "integrity": "sha512-Ukq0owbQXxa/U3EGtsdVBkR1w7KOQ5gIBqdH2hkvknzZPYvBxb/aa6E8L7tmjFtkwZBu3UXBbjIgPo/Ez4xaNg==",
      "license": "MIT",
      "funding": {
        "type": "github",
        "url": "https://github.com/sponsors/kossnocorp"
      }
    },
    "node_modules/sweetalert2": {
      "version": "11.26.3",
      "resolved": "https://registry.npmjs.org/sweetalert2/-/sweetalert2-11.26.3.tgz",
      "integrity": "sha512-VU0hGw/WfI9h7Mh+SCsDlWgtxDwWZ6ccqS7QcO8zEeWnwplN1GptcLstq76OluUBSLUza6ldvKd3558OhjpJ9A==",
      "license": "MIT",
      "funding": {
        "type": "individual",
        "url": "https://github.com/sponsors/limonte"
      }
    }
  }
}
